// !$*UTF8*$!
{
	archiveVersion = 1;
	classes = {
	};
	objectVersion = 48;
	objects = {

/* Begin PBXBuildFile section */
		275E68BA204DA29600D479C2 /* AppDelegate.m in Sources */ = {isa = PBXBuildFile; fileRef = 275E68B9204DA29600D479C2 /* AppDelegate.m */; };
		275E68BD204DA29600D479C2 /* ViewController.m in Sources */ = {isa = PBXBuildFile; fileRef = 275E68BC204DA29600D479C2 /* ViewController.m */; };
		275E68C0204DA29600D479C2 /* Main.storyboard in Resources */ = {isa = PBXBuildFile; fileRef = 275E68BE204DA29600D479C2 /* Main.storyboard */; };
		275E68C2204DA29600D479C2 /* Assets.xcassets in Resources */ = {isa = PBXBuildFile; fileRef = 275E68C1204DA29600D479C2 /* Assets.xcassets */; };
		275E68C5204DA29600D479C2 /* LaunchScreen.storyboard in Resources */ = {isa = PBXBuildFile; fileRef = 275E68C3204DA29600D479C2 /* LaunchScreen.storyboard */; };
		275E68C8204DA29600D479C2 /* main.m in Sources */ = {isa = PBXBuildFile; fileRef = 275E68C7204DA29600D479C2 /* main.m */; };
		31B9D5C4204E97E8009C21AF /* ObjectC.m in Sources */ = {isa = PBXBuildFile; fileRef = 31B9D5C3204E97E8009C21AF /* ObjectC.m */; };
		31B9D5C8204E9F3E009C21AF /* Object_Message_Runtime.m in Sources */ = {isa = PBXBuildFile; fileRef = 31B9D5C7204E9F3E009C21AF /* Object_Message_Runtime.m */; };
		31B9D5CB204EC335009C21AF /* PropertyExample.m in Sources */ = {isa = PBXBuildFile; fileRef = 31B9D5CA204EC335009C21AF /* PropertyExample.m */; };
		31B9D5CE204EC7AB009C21AF /* StrongCopyExample.m in Sources */ = {isa = PBXBuildFile; fileRef = 31B9D5CD204EC7AB009C21AF /* StrongCopyExample.m */; };
/* End PBXBuildFile section */

/* Begin PBXFileReference section */
		275E68B5204DA29600D479C2 /* effectiveObjective-C.app */ = {isa = PBXFileReference; explicitFileType = wrapper.application; includeInIndex = 0; path = "effectiveObjective-C.app"; sourceTree = BUILT_PRODUCTS_DIR; };
		275E68B8204DA29600D479C2 /* AppDelegate.h */ = {isa = PBXFileReference; lastKnownFileType = sourcecode.c.h; path = AppDelegate.h; sourceTree = "<group>"; };
		275E68B9204DA29600D479C2 /* AppDelegate.m */ = {isa = PBXFileReference; lastKnownFileType = sourcecode.c.objc; path = AppDelegate.m; sourceTree = "<group>"; };
		275E68BB204DA29600D479C2 /* ViewController.h */ = {isa = PBXFileReference; lastKnownFileType = sourcecode.c.h; path = ViewController.h; sourceTree = "<group>"; };
		275E68BC204DA29600D479C2 /* ViewController.m */ = {isa = PBXFileReference; lastKnownFileType = sourcecode.c.objc; path = ViewController.m; sourceTree = "<group>"; };
		275E68BF204DA29600D479C2 /* Base */ = {isa = PBXFileReference; lastKnownFileType = file.storyboard; name = Base; path = Base.lproj/Main.storyboard; sourceTree = "<group>"; };
		275E68C1204DA29600D479C2 /* Assets.xcassets */ = {isa = PBXFileReference; lastKnownFileType = folder.assetcatalog; path = Assets.xcassets; sourceTree = "<group>"; };
		275E68C4204DA29600D479C2 /* Base */ = {isa = PBXFileReference; lastKnownFileType = file.storyboard; name = Base; path = Base.lproj/LaunchScreen.storyboard; sourceTree = "<group>"; };
		275E68C6204DA29600D479C2 /* Info.plist */ = {isa = PBXFileReference; lastKnownFileType = text.plist.xml; path = Info.plist; sourceTree = "<group>"; };
		275E68C7204DA29600D479C2 /* main.m */ = {isa = PBXFileReference; lastKnownFileType = sourcecode.c.objc; path = main.m; sourceTree = "<group>"; };
		31B9D5C2204E97E8009C21AF /* ObjectC.h */ = {isa = PBXFileReference; lastKnownFileType = sourcecode.c.h; path = ObjectC.h; sourceTree = "<group>"; };
		31B9D5C3204E97E8009C21AF /* ObjectC.m */ = {isa = PBXFileReference; lastKnownFileType = sourcecode.c.objc; path = ObjectC.m; sourceTree = "<group>"; };
		31B9D5C6204E9F3E009C21AF /* Object_Message_Runtime.h */ = {isa = PBXFileReference; lastKnownFileType = sourcecode.c.h; path = Object_Message_Runtime.h; sourceTree = "<group>"; };
		31B9D5C7204E9F3E009C21AF /* Object_Message_Runtime.m */ = {isa = PBXFileReference; lastKnownFileType = sourcecode.c.objc; path = Object_Message_Runtime.m; sourceTree = "<group>"; };
		31B9D5C9204EC335009C21AF /* PropertyExample.h */ = {isa = PBXFileReference; lastKnownFileType = sourcecode.c.h; path = PropertyExample.h; sourceTree = "<group>"; };
		31B9D5CA204EC335009C21AF /* PropertyExample.m */ = {isa = PBXFileReference; lastKnownFileType = sourcecode.c.objc; path = PropertyExample.m; sourceTree = "<group>"; };
		31B9D5CC204EC7AB009C21AF /* StrongCopyExample.h */ = {isa = PBXFileReference; lastKnownFileType = sourcecode.c.h; path = StrongCopyExample.h; sourceTree = "<group>"; };
		31B9D5CD204EC7AB009C21AF /* StrongCopyExample.m */ = {isa = PBXFileReference; lastKnownFileType = sourcecode.c.objc; path = StrongCopyExample.m; sourceTree = "<group>"; };
/* End PBXFileReference section */

/* Begin PBXFrameworksBuildPhase section */
		275E68B2204DA29600D479C2 /* Frameworks */ = {
			isa = PBXFrameworksBuildPhase;
			buildActionMask = 2147483647;
			files = (
			);
			runOnlyForDeploymentPostprocessing = 0;
		};
/* End PBXFrameworksBuildPhase section */

/* Begin PBXGroup section */
		275E68AC204DA29600D479C2 = {
			isa = PBXGroup;
			children = (
				275E68B7204DA29600D479C2 /* effectiveObjective-C */,
				275E68B6204DA29600D479C2 /* Products */,
			);
			sourceTree = "<group>";
		};
		275E68B6204DA29600D479C2 /* Products */ = {
			isa = PBXGroup;
			children = (
				275E68B5204DA29600D479C2 /* effectiveObjective-C.app */,
			);
			name = Products;
			sourceTree = "<group>";
		};
		275E68B7204DA29600D479C2 /* effectiveObjective-C */ = {
			isa = PBXGroup;
			children = (
				31B9D5C5204E9F11009C21AF /* 2、Object&Message&Runtime */,
				31B9D5C1204E974F009C21AF /* 1、ObjectC */,
				275E68B8204DA29600D479C2 /* AppDelegate.h */,
				275E68B9204DA29600D479C2 /* AppDelegate.m */,
				275E68BB204DA29600D479C2 /* ViewController.h */,
				275E68BC204DA29600D479C2 /* ViewController.m */,
				275E68BE204DA29600D479C2 /* Main.storyboard */,
				275E68C1204DA29600D479C2 /* Assets.xcassets */,
				275E68C3204DA29600D479C2 /* LaunchScreen.storyboard */,
				275E68C6204DA29600D479C2 /* Info.plist */,
				275E68C7204DA29600D479C2 /* main.m */,
			);
			path = "effectiveObjective-C";
			sourceTree = "<group>";
		};
		31B9D5C1204E974F009C21AF /* 1、ObjectC */ = {
			isa = PBXGroup;
			children = (
				31B9D5C2204E97E8009C21AF /* ObjectC.h */,
				31B9D5C3204E97E8009C21AF /* ObjectC.m */,
			);
			path = "1、ObjectC";
			sourceTree = "<group>";
		};
		31B9D5C5204E9F11009C21AF /* 2、Object&Message&Runtime */ = {
			isa = PBXGroup;
			children = (
				31B9D5C6204E9F3E009C21AF /* Object_Message_Runtime.h */,
				31B9D5C7204E9F3E009C21AF /* Object_Message_Runtime.m */,
				31B9D5C9204EC335009C21AF /* PropertyExample.h */,
				31B9D5CA204EC335009C21AF /* PropertyExample.m */,
				31B9D5CC204EC7AB009C21AF /* StrongCopyExample.h */,
				31B9D5CD204EC7AB009C21AF /* StrongCopyExample.m */,
			);
			path = "2、Object&Message&Runtime";
			sourceTree = "<group>";
		};
/* End PBXGroup section */

/* Begin PBXNativeTarget section */
		275E68B4204DA29600D479C2 /* effectiveObjective-C */ = {
			isa = PBXNativeTarget;
			buildConfigurationList = 275E68CB204DA29600D479C2 /* Build configuration list for PBXNativeTarget "effectiveObjective-C" */;
			buildPhases = (
				275E68B1204DA29600D479C2 /* Sources */,
				275E68B2204DA29600D479C2 /* Frameworks */,
				275E68B3204DA29600D479C2 /* Resources */,
			);
			buildRules = (
			);
			dependencies = (
			);
			name = "effectiveObjective-C";
			productName = "effectiveObjective-C";
			productReference = 275E68B5204DA29600D479C2 /* effectiveObjective-C.app */;
			productType = "com.apple.product-type.application";
		};
/* End PBXNativeTarget section */

/* Begin PBXProject section */
		275E68AD204DA29600D479C2 /* Project object */ = {
			isa = PBXProject;
			attributes = {
				LastUpgradeCheck = 0920;
				ORGANIZATIONNAME = star;
				TargetAttributes = {
					275E68B4204DA29600D479C2 = {
						CreatedOnToolsVersion = 9.2;
						ProvisioningStyle = Automatic;
					};
				};
			};
			buildConfigurationList = 275E68B0204DA29600D479C2 /* Build configuration list for PBXProject "effectiveObjective-C" */;
			compatibilityVersion = "Xcode 8.0";
			developmentRegion = en;
			hasScannedForEncodings = 0;
			knownRegions = (
				en,
				Base,
			);
			mainGroup = 275E68AC204DA29600D479C2;
			productRefGroup = 275E68B6204DA29600D479C2 /* Products */;
			projectDirPath = "";
			projectRoot = "";
			targets = (
				275E68B4204DA29600D479C2 /* effectiveObjective-C */,
			);
		};
/* End PBXProject section */

/* Begin PBXResourcesBuildPhase section */
		275E68B3204DA29600D479C2 /* Resources */ = {
			isa = PBXResourcesBuildPhase;
			buildActionMask = 2147483647;
			files = (
				275E68C5204DA29600D479C2 /* LaunchScreen.storyboard in Resources */,
				275E68C2204DA29600D479C2 /* Assets.xcassets in Resources */,
				275E68C0204DA29600D479C2 /* Main.storyboard in Resources */,
			);
			runOnlyForDeploymentPostprocessing = 0;
		};
/* End PBXResourcesBuildPhase section */

/* Begin PBXSourcesBuildPhase section */
		275E68B1204DA29600D479C2 /* Sources */ = {
			isa = PBXSourcesBuildPhase;
			buildActionMask = 2147483647;
			files = (
				275E68BD204DA29600D479C2 /* ViewController.m in Sources */,
				31B9D5CE204EC7AB009C21AF /* StrongCopyExample.m in Sources */,
				275E68C8204DA29600D479C2 /* main.m in Sources */,
				31B9D5C8204E9F3E009C21AF /* Object_Message_Runtime.m in Sources */,
				31B9D5C4204E97E8009C21AF /* ObjectC.m in Sources */,
				275E68BA204DA29600D479C2 /* AppDelegate.m in Sources */,
				31B9D5CB204EC335009C21AF /* PropertyExample.m in Sources */,
			);
			runOnlyForDeploymentPostprocessing = 0;
		};
/* End PBXSourcesBuildPhase section */

/* Begin PBXVariantGroup section */
		275E68BE204DA29600D479C2 /* Main.storyboard */ = {
			isa = PBXVariantGroup;
			children = (
				275E68BF204DA29600D479C2 /* Base */,
			);
			name = Main.storyboard;
			sourceTree = "<group>";
		};
		275E68C3204DA29600D479C2 /* LaunchScreen.storyboard */ = {
			isa = PBXVariantGroup;
			children = (
				275E68C4204DA29600D479C2 /* Base */,
			);
			name = LaunchScreen.storyboard;
			sourceTree = "<group>";
		};
/* End PBXVariantGroup section */

/* Begin XCBuildConfiguration section */
		275E68C9204DA29600D479C2 /* Debug */ = {
			isa = XCBuildConfiguration;
			buildSettings = {
				ALWAYS_SEARCH_USER_PATHS = NO;
				CLANG_ANALYZER_NONNULL = YES;
				CLANG_ANALYZER_NUMBER_OBJECT_CONVERSION = YES_AGGRESSIVE;
				CLANG_CXX_LANGUAGE_STANDARD = "gnu++14";
				CLANG_CXX_LIBRARY = "libc++";
				CLANG_ENABLE_MODULES = YES;
				CLANG_ENABLE_OBJC_ARC = YES;
				CLANG_WARN_BLOCK_CAPTURE_AUTORELEASING = YES;
				CLANG_WARN_BOOL_CONVERSION = YES;
				CLANG_WARN_COMMA = YES;
				CLANG_WARN_CONSTANT_CONVERSION = YES;
				CLANG_WARN_DIRECT_OBJC_ISA_USAGE = YES_ERROR;
				CLANG_WARN_DOCUMENTATION_COMMENTS = YES;
				CLANG_WARN_EMPTY_BODY = YES;
				CLANG_WARN_ENUM_CONVERSION = YES;
				CLANG_WARN_INFINITE_RECURSION = YES;
				CLANG_WARN_INT_CONVERSION = YES;
				CLANG_WARN_NON_LITERAL_NULL_CONVERSION = YES;
				CLANG_WARN_OBJC_LITERAL_CONVERSION = YES;
				CLANG_WARN_OBJC_ROOT_CLASS = YES_ERROR;
				CLANG_WARN_RANGE_LOOP_ANALYSIS = YES;
				CLANG_WARN_STRICT_PROTOTYPES = YES;
				CLANG_WARN_SUSPICIOUS_MOVE = YES;
				CLANG_WARN_UNGUARDED_AVAILABILITY = YES_AGGRESSIVE;
				CLANG_WARN_UNREACHABLE_CODE = YES;
				CLANG_WARN__DUPLICATE_METHOD_MATCH = YES;
				CODE_SIGN_IDENTITY = "iPhone Developer";
				COPY_PHASE_STRIP = NO;
				DEBUG_INFORMATION_FORMAT = dwarf;
				ENABLE_STRICT_OBJC_MSGSEND = YES;
				ENABLE_TESTABILITY = YES;
				GCC_C_LANGUAGE_STANDARD = gnu11;
				GCC_DYNAMIC_NO_PIC = NO;
				GCC_NO_COMMON_BLOCKS = YES;
				GCC_OPTIMIZATION_LEVEL = 0;
				GCC_PREPROCESSOR_DEFINITIONS = (
					"DEBUG=1",
					"$(inherited)",
				);
				GCC_WARN_64_TO_32_BIT_CONVERSION = YES;
				GCC_WARN_ABOUT_RETURN_TYPE = YES_ERROR;
				GCC_WARN_UNDECLARED_SELECTOR = YES;
				GCC_WARN_UNINITIALIZED_AUTOS = YES_AGGRESSIVE;
				GCC_WARN_UNUSED_FUNCTION = YES;
				GCC_WARN_UNUSED_VARIABLE = YES;
				IPHONEOS_DEPLOYMENT_TARGET = 11.2;
				MTL_ENABLE_DEBUG_INFO = YES;
				ONLY_ACTIVE_ARCH = YES;
				SDKROOT = iphoneos;
			};
			name = Debug;
		};
		275E68CA204DA29600D479C2 /* Release */ = {
			isa = XCBuildConfiguration;
			buildSettings = {
				ALWAYS_SEARCH_USER_PATHS = NO;
				CLANG_ANALYZER_NONNULL = YES;
				CLANG_ANALYZER_NUMBER_OBJECT_CONVERSION = YES_AGGRESSIVE;
				CLANG_CXX_LANGUAGE_STANDARD = "gnu++14";
				CLANG_CXX_LIBRARY = "libc++";
				CLANG_ENABLE_MODULES = YES;
				CLANG_ENABLE_OBJC_ARC = YES;
				CLANG_WARN_BLOCK_CAPTURE_AUTORELEASING = YES;
				CLANG_WARN_BOOL_CONVERSION = YES;
				CLANG_WARN_COMMA = YES;
				CLANG_WARN_CONSTANT_CONVERSION = YES;
				CLANG_WARN_DIRECT_OBJC_ISA_USAGE = YES_ERROR;
				CLANG_WARN_DOCUMENTATION_COMMENTS = YES;
				CLANG_WARN_EMPTY_BODY = YES;
				CLANG_WARN_ENUM_CONVERSION = YES;
				CLANG_WARN_INFINITE_RECURSION = YES;
				CLANG_WARN_INT_CONVERSION = YES;
				CLANG_WARN_NON_LITERAL_NULL_CONVERSION = YES;
				CLANG_WARN_OBJC_LITERAL_CONVERSION = YES;
				CLANG_WARN_OBJC_ROOT_CLASS = YES_ERROR;
				CLANG_WARN_RANGE_LOOP_ANALYSIS = YES;
				CLANG_WARN_STRICT_PROTOTYPES = YES;
				CLANG_WARN_SUSPICIOUS_MOVE = YES;
				CLANG_WARN_UNGUARDED_AVAILABILITY = YES_AGGRESSIVE;
				CLANG_WARN_UNREACHABLE_CODE = YES;
				CLANG_WARN__DUPLICATE_METHOD_MATCH = YES;
				CODE_SIGN_IDENTITY = "iPhone Developer";
				COPY_PHASE_STRIP = NO;
				DEBUG_INFORMATION_FORMAT = "dwarf-with-dsym";
				ENABLE_NS_ASSERTIONS = NO;
				ENABLE_STRICT_OBJC_MSGSEND = YES;
				GCC_C_LANGUAGE_STANDARD = gnu11;
				GCC_NO_COMMON_BLOCKS = YES;
				GCC_WARN_64_TO_32_BIT_CONVERSION = YES;
				GCC_WARN_ABOUT_RETURN_TYPE = YES_ERROR;
				GCC_WARN_UNDECLARED_SELECTOR = YES;
				GCC_WARN_UNINITIALIZED_AUTOS = YES_AGGRESSIVE;
				GCC_WARN_UNUSED_FUNCTION = YES;
				GCC_WARN_UNUSED_VARIABLE = YES;
				IPHONEOS_DEPLOYMENT_TARGET = 11.2;
				MTL_ENABLE_DEBUG_INFO = NO;
				SDKROOT = iphoneos;
				VALIDATE_PRODUCT = YES;
			};
			name = Release;
		};
		275E68CC204DA29600D479C2 /* Debug */ = {
			isa = XCBuildConfiguration;
			buildSettings = {
				ASSETCATALOG_COMPILER_APPICON_NAME = AppIcon;
				CODE_SIGN_STYLE = Automatic;
				DEVELOPMENT_TEAM = ZYQR8365W8;
				INFOPLIST_FILE = "effectiveObjective-C/Info.plist";
				IPHONEOS_DEPLOYMENT_TARGET = 9.0;
				LD_RUNPATH_SEARCH_PATHS = "$(inherited) @executable_path/Frameworks";
				PRODUCT_BUNDLE_IDENTIFIER = "come.starshow.effectiveObjective-C";
				PRODUCT_NAME = "$(TARGET_NAME)";
				TARGETED_DEVICE_FAMILY = "1,2";
			};
			name = Debug;
		};
		275E68CD204DA29600D479C2 /* Release */ = {
			isa = XCBuildConfiguration;
			buildSettings = {
				ASSETCATALOG_COMPILER_APPICON_NAME = AppIcon;
				CODE_SIGN_STYLE = Automatic;
				DEVELOPMENT_TEAM = ZYQR8365W8;
				INFOPLIST_FILE = "effectiveObjective-C/Info.plist";
				IPHONEOS_DEPLOYMENT_TARGET = 9.0;
				LD_RUNPATH_SEARCH_PATHS = "$(inherited) @executable_path/Frameworks";
				PRODUCT_BUNDLE_IDENTIFIER = "come.starshow.effectiveObjective-C";
				PRODUCT_NAME = "$(TARGET_NAME)";
				TARGETED_DEVICE_FAMILY = "1,2";
			};
			name = Release;
		};
/* End XCBuildConfiguration section */

/* Begin XCConfigurationList section */
		275E68B0204DA29600D479C2 /* Build configuration list for PBXProject "effectiveObjective-C" */ = {
			isa = XCConfigurationList;
			buildConfigurations = (
				275E68C9204DA29600D479C2 /* Debug */,
				275E68CA204DA29600D479C2 /* Release */,
			);
			defaultConfigurationIsVisible = 0;
			defaultConfigurationName = Release;
		};
		275E68CB204DA29600D479C2 /* Build configuration list for PBXNativeTarget "effectiveObjective-C" */ = {
			isa = XCConfigurationList;
			buildConfigurations = (
				275E68CC204DA29600D479C2 /* Debug */,
				275E68CD204DA29600D479C2 /* Release */,
			);
			defaultConfigurationIsVisible = 0;
			defaultConfigurationName = Release;
		};
/* End XCConfigurationList section */
	};
	rootObject = 275E68AD204DA29600D479C2 /* Project object */;
}
